
Microsoft Visual Studio Solution File, Format Version 12.00
# Visual Studio 2012
Project("{FAE04EC0-301F-11D3-BF4B-00C04F79EFBC}") = "ConsoleApplication1", "ConsoleApplication1\ConsoleApplication1.csproj", "{FF3EE24B-FC42-4394-92FF-ED7E74E835E3}"
EndProject
Project("{FAE04EC0-301F-11D3-BF4B-00C04F79EFBC}") = "TestTechnology.DAL", "TestTechnology.DAL\TestTechnology.DAL.csproj", "{0FC078F2-4DE8-4528-AEA1-905C12A82697}"
EndProject
Project("{FAE04EC0-301F-11D3-BF4B-00C04F79EFBC}") = "TestTechnology.DAL.Model", "TestTechnology.DAL.Model\TestTechnology.DAL.Model.csproj", "{AF982596-168B-4000-84EB-5F6617383371}"
EndProject
Project("{FAE04EC0-301F-11D3-BF4B-00C04F79EFBC}") = "TestTechnology.Controller.DTO", "TestTechnology.Controller.DTO\TestTechnology.Controller.DTO.csproj", "{80022D83-DF4B-427F-846B-E011B6756BF3}"
EndProject
Project("{FAE04EC0-301F-11D3-BF4B-00C04F79EFBC}") = "TestTechnology.Controller.Hosting", "TestTechnology.Controller.Hosting\TestTechnology.Controller.Hosting.csproj", "{F8D7B31D-53B3-4C57-8222-E99665C443D4}"
EndProject
Project("{FAE04EC0-301F-11D3-BF4B-00C04F79EFBC}") = "TestTechnology.Controller.Service", "TestTechnology.Controller.Service\TestTechnology.Controller.Service.csproj", "{80E489F7-FE6F-475E-8F28-275A6503EF20}"
EndProject
Project("{FAE04EC0-301F-11D3-BF4B-00C04F79EFBC}") = "TestTechnology.Controller.Interface", "TestTechnology.Controller.Interface\TestTechnology.Controller.Interface.csproj", "{7C6BEA49-23A3-4FF6-B300-F68F67C2BEE5}"
EndProject
Project("{FAE04EC0-301F-11D3-BF4B-00C04F79EFBC}") = "TestTechnology.Shared.DTO", "TestTechnology.Shared.DTO\TestTechnology.Shared.DTO.csproj", "{27C2B78C-6472-4300-8FCB-DC60F0321B4F}"
EndProject
Project("{FAE04EC0-301F-11D3-BF4B-00C04F79EFBC}") = "TestTechnology.Controller.BIZ", "TestTechnology.Controller.BIZ\TestTechnology.Controller.BIZ.csproj", "{878488F3-2230-4B62-92E1-30C383309222}"
EndProject
Project("{2150E333-8FDC-42A3-9474-1A3956D46DE8}") = "DataAccessLayer", "DataAccessLayer", "{2FA42F47-6778-4B65-B415-E0B5949FF99D}"
EndProject
Project("{2150E333-8FDC-42A3-9474-1A3956D46DE8}") = "BusinessLogicLayer", "BusinessLogicLayer", "{33A2FDE3-7B67-46C0-86C8-A21B86C79843}"
EndProject
Project("{2150E333-8FDC-42A3-9474-1A3956D46DE8}") = "ServiceLayer", "ServiceLayer", "{CAA82C6F-19F0-4516-BA2C-826562FC2473}"
EndProject
Project("{2150E333-8FDC-42A3-9474-1A3956D46DE8}") = "TestProjects", "TestProjects", "{7C0E6CFD-3685-4D72-831E-38162D5C5BE4}"
EndProject
Project("{2150E333-8FDC-42A3-9474-1A3956D46DE8}") = "HelperProjects", "HelperProjects", "{3A190700-4459-42F0-BA0C-03FDAF0EF827}"
EndProject
Project("{FAE04EC0-301F-11D3-BF4B-00C04F79EFBC}") = "AutomapperHelper", "AutomapperHelper\AutomapperHelper.csproj", "{E08A3D2E-A463-47F2-A01C-F57C39336582}"
EndProject
Global
	GlobalSection(SolutionConfigurationPlatforms) = preSolution
		Debug|Any CPU = Debug|Any CPU
		Release|Any CPU = Release|Any CPU
	EndGlobalSection
	GlobalSection(ProjectConfigurationPlatforms) = postSolution
		{FF3EE24B-FC42-4394-92FF-ED7E74E835E3}.Debug|Any CPU.ActiveCfg = Debug|Any CPU
		{FF3EE24B-FC42-4394-92FF-ED7E74E835E3}.Debug|Any CPU.Build.0 = Debug|Any CPU
		{FF3EE24B-FC42-4394-92FF-ED7E74E835E3}.Release|Any CPU.ActiveCfg = Release|Any CPU
		{FF3EE24B-FC42-4394-92FF-ED7E74E835E3}.Release|Any CPU.Build.0 = Release|Any CPU
		{0FC078F2-4DE8-4528-AEA1-905C12A82697}.Debug|Any CPU.ActiveCfg = Debug|Any CPU
		{0FC078F2-4DE8-4528-AEA1-905C12A82697}.Debug|Any CPU.Build.0 = Debug|Any CPU
		{0FC078F2-4DE8-4528-AEA1-905C12A82697}.Release|Any CPU.ActiveCfg = Release|Any CPU
		{0FC078F2-4DE8-4528-AEA1-905C12A82697}.Release|Any CPU.Build.0 = Release|Any CPU
		{AF982596-168B-4000-84EB-5F6617383371}.Debug|Any CPU.ActiveCfg = Debug|Any CPU
		{AF982596-168B-4000-84EB-5F6617383371}.Debug|Any CPU.Build.0 = Debug|Any CPU
		{AF982596-168B-4000-84EB-5F6617383371}.Release|Any CPU.ActiveCfg = Release|Any CPU
		{AF982596-168B-4000-84EB-5F6617383371}.Release|Any CPU.Build.0 = Release|Any CPU
		{80022D83-DF4B-427F-846B-E011B6756BF3}.Debug|Any CPU.ActiveCfg = Debug|Any CPU
		{80022D83-DF4B-427F-846B-E011B6756BF3}.Debug|Any CPU.Build.0 = Debug|Any CPU
		{80022D83-DF4B-427F-846B-E011B6756BF3}.Release|Any CPU.ActiveCfg = Release|Any CPU
		{80022D83-DF4B-427F-846B-E011B6756BF3}.Release|Any CPU.Build.0 = Release|Any CPU
		{F8D7B31D-53B3-4C57-8222-E99665C443D4}.Debug|Any CPU.ActiveCfg = Debug|Any CPU
		{F8D7B31D-53B3-4C57-8222-E99665C443D4}.Debug|Any CPU.Build.0 = Debug|Any CPU
		{F8D7B31D-53B3-4C57-8222-E99665C443D4}.Release|Any CPU.ActiveCfg = Release|Any CPU
		{F8D7B31D-53B3-4C57-8222-E99665C443D4}.Release|Any CPU.Build.0 = Release|Any CPU
		{80E489F7-FE6F-475E-8F28-275A6503EF20}.Debug|Any CPU.ActiveCfg = Debug|Any CPU
		{80E489F7-FE6F-475E-8F28-275A6503EF20}.Debug|Any CPU.Build.0 = Debug|Any CPU
		{80E489F7-FE6F-475E-8F28-275A6503EF20}.Release|Any CPU.ActiveCfg = Release|Any CPU
		{80E489F7-FE6F-475E-8F28-275A6503EF20}.Release|Any CPU.Build.0 = Release|Any CPU
		{7C6BEA49-23A3-4FF6-B300-F68F67C2BEE5}.Debug|Any CPU.ActiveCfg = Debug|Any CPU
		{7C6BEA49-23A3-4FF6-B300-F68F67C2BEE5}.Debug|Any CPU.Build.0 = Debug|Any CPU
		{7C6BEA49-23A3-4FF6-B300-F68F67C2BEE5}.Release|Any CPU.ActiveCfg = Release|Any CPU
		{7C6BEA49-23A3-4FF6-B300-F68F67C2BEE5}.Release|Any CPU.Build.0 = Release|Any CPU
		{27C2B78C-6472-4300-8FCB-DC60F0321B4F}.Debug|Any CPU.ActiveCfg = Debug|Any CPU
		{27C2B78C-6472-4300-8FCB-DC60F0321B4F}.Debug|Any CPU.Build.0 = Debug|Any CPU
		{27C2B78C-6472-4300-8FCB-DC60F0321B4F}.Release|Any CPU.ActiveCfg = Release|Any CPU
		{27C2B78C-6472-4300-8FCB-DC60F0321B4F}.Release|Any CPU.Build.0 = Release|Any CPU
		{878488F3-2230-4B62-92E1-30C383309222}.Debug|Any CPU.ActiveCfg = Debug|Any CPU
		{878488F3-2230-4B62-92E1-30C383309222}.Debug|Any CPU.Build.0 = Debug|Any CPU
		{878488F3-2230-4B62-92E1-30C383309222}.Release|Any CPU.ActiveCfg = Release|Any CPU
		{878488F3-2230-4B62-92E1-30C383309222}.Release|Any CPU.Build.0 = Release|Any CPU
		{E08A3D2E-A463-47F2-A01C-F57C39336582}.Debug|Any CPU.ActiveCfg = Debug|Any CPU
		{E08A3D2E-A463-47F2-A01C-F57C39336582}.Debug|Any CPU.Build.0 = Debug|Any CPU
		{E08A3D2E-A463-47F2-A01C-F57C39336582}.Release|Any CPU.ActiveCfg = Release|Any CPU
		{E08A3D2E-A463-47F2-A01C-F57C39336582}.Release|Any CPU.Build.0 = Release|Any CPU
	EndGlobalSection
	GlobalSection(SolutionProperties) = preSolution
		HideSolutionNode = FALSE
	EndGlobalSection
	GlobalSection(NestedProjects) = preSolution
		{0FC078F2-4DE8-4528-AEA1-905C12A82697} = {2FA42F47-6778-4B65-B415-E0B5949FF99D}
		{AF982596-168B-4000-84EB-5F6617383371} = {2FA42F47-6778-4B65-B415-E0B5949FF99D}
		{878488F3-2230-4B62-92E1-30C383309222} = {33A2FDE3-7B67-46C0-86C8-A21B86C79843}
		{F8D7B31D-53B3-4C57-8222-E99665C443D4} = {CAA82C6F-19F0-4516-BA2C-826562FC2473}
		{7C6BEA49-23A3-4FF6-B300-F68F67C2BEE5} = {CAA82C6F-19F0-4516-BA2C-826562FC2473}
		{80E489F7-FE6F-475E-8F28-275A6503EF20} = {CAA82C6F-19F0-4516-BA2C-826562FC2473}
		{80022D83-DF4B-427F-846B-E011B6756BF3} = {CAA82C6F-19F0-4516-BA2C-826562FC2473}
		{27C2B78C-6472-4300-8FCB-DC60F0321B4F} = {CAA82C6F-19F0-4516-BA2C-826562FC2473}
		{FF3EE24B-FC42-4394-92FF-ED7E74E835E3} = {7C0E6CFD-3685-4D72-831E-38162D5C5BE4}
		{E08A3D2E-A463-47F2-A01C-F57C39336582} = {3A190700-4459-42F0-BA0C-03FDAF0EF827}
	EndGlobalSection
EndGlobal
